
Microsoft Visual Studio Solution File, Format Version 12.00
# Visual Studio Version 17
VisualStudioVersion = 17.9.34902.65
MinimumVisualStudioVersion = 10.0.40219.1
Project("{2150E333-8FDC-42A3-9474-1A3956D46DE8}") = "FIAP_TC", "FIAP_TC", "{AF783984-D3CC-4A9E-9848-47D5D4B262DE}"
EndProject
Project("{2150E333-8FDC-42A3-9474-1A3956D46DE8}") = "FIAP_TC.Case", "FIAP_TC.Case", "{3ED33D74-6C2A-47AB-88D4-B0BA4BE3D1BC}"
EndProject
Project("{9A19103F-16F7-4668-BE54-9A1E7A4F7556}") = "FIAP_TC.Contact.Api", "FIAP_TC.Contact.Api\FIAP_TC.Contact.Api.csproj", "{6B0221C1-8638-4E89-B83E-C2FE62523E3C}"
EndProject
Project("{9A19103F-16F7-4668-BE54-9A1E7A4F7556}") = "FIAP_TC.Contact.Core", "FIAP_TC.Contact.Core\FIAP_TC.Contact.Core.csproj", "{B9B209D3-FB49-4806-A511-403AB05EC956}"
EndProject
Project("{9A19103F-16F7-4668-BE54-9A1E7A4F7556}") = "FIAP_TC.Contact.Infraestructure", "FIAP_TC.Contact.Infraestructure\FIAP_TC.Contact.Infraestructure.csproj", "{A1F7B74A-F9B2-406E-B82B-BEC8A98AAEE5}"
EndProject
Project("{9A19103F-16F7-4668-BE54-9A1E7A4F7556}") = "FIAP_TC.Contact.Tests", "FIAP_TC.Contact.Tests\FIAP_TC.Contact.Tests.csproj", "{5DA1BE66-7879-49C4-8E40-5BBE93BD891E}"
EndProject
Project("{9A19103F-16F7-4668-BE54-9A1E7A4F7556}") = "FIAP_TC.Case.Core", "FIAP_TC.Case.Core\FIAP_TC.Case.Core.csproj", "{CF3930FA-1474-433A-8E8E-46750C000B53}"
EndProject
Project("{9A19103F-16F7-4668-BE54-9A1E7A4F7556}") = "FIAP_TC.Case.Tests", "FIAP_TC.Case.Tests\FIAP_TC.Case.Tests.csproj", "{4D4CA7EF-9D5C-47B0-BECD-F7155EA8E378}"
EndProject
Project("{9A19103F-16F7-4668-BE54-9A1E7A4F7556}") = "FIAP_TC.Case.Api", "FIAP_TC.Case.Api\FIAP_TC.Case.Api.csproj", "{1E35A67D-C470-4588-8965-70A6EF6B42F1}"
EndProject
Project("{9A19103F-16F7-4668-BE54-9A1E7A4F7556}") = "FIAP_TC.Case.Infrastructure", "FIAP_TC.Case.Infrastructure\FIAP_TC.Case.Infrastructure.csproj", "{37966897-A025-4B4B-B583-80804E8E7BD6}"
EndProject
Project("{9A19103F-16F7-4668-BE54-9A1E7A4F7556}") = "Consumer", "Consumer\Consumer.csproj", "{5D39ACB9-412C-4623-AB8E-FBBBCF5B75C0}"
EndProject
Global
	GlobalSection(SolutionConfigurationPlatforms) = preSolution
		Debug|Any CPU = Debug|Any CPU
		Release|Any CPU = Release|Any CPU
	EndGlobalSection
	GlobalSection(ProjectConfigurationPlatforms) = postSolution
		{6B0221C1-8638-4E89-B83E-C2FE62523E3C}.Debug|Any CPU.ActiveCfg = Debug|Any CPU
		{6B0221C1-8638-4E89-B83E-C2FE62523E3C}.Debug|Any CPU.Build.0 = Debug|Any CPU
		{6B0221C1-8638-4E89-B83E-C2FE62523E3C}.Release|Any CPU.ActiveCfg = Release|Any CPU
		{6B0221C1-8638-4E89-B83E-C2FE62523E3C}.Release|Any CPU.Build.0 = Release|Any CPU
		{B9B209D3-FB49-4806-A511-403AB05EC956}.Debug|Any CPU.ActiveCfg = Debug|Any CPU
		{B9B209D3-FB49-4806-A511-403AB05EC956}.Debug|Any CPU.Build.0 = Debug|Any CPU
		{B9B209D3-FB49-4806-A511-403AB05EC956}.Release|Any CPU.ActiveCfg = Release|Any CPU
		{B9B209D3-FB49-4806-A511-403AB05EC956}.Release|Any CPU.Build.0 = Release|Any CPU
		{A1F7B74A-F9B2-406E-B82B-BEC8A98AAEE5}.Debug|Any CPU.ActiveCfg = Debug|Any CPU
		{A1F7B74A-F9B2-406E-B82B-BEC8A98AAEE5}.Debug|Any CPU.Build.0 = Debug|Any CPU
		{A1F7B74A-F9B2-406E-B82B-BEC8A98AAEE5}.Release|Any CPU.ActiveCfg = Release|Any CPU
		{A1F7B74A-F9B2-406E-B82B-BEC8A98AAEE5}.Release|Any CPU.Build.0 = Release|Any CPU
		{5DA1BE66-7879-49C4-8E40-5BBE93BD891E}.Debug|Any CPU.ActiveCfg = Debug|Any CPU
		{5DA1BE66-7879-49C4-8E40-5BBE93BD891E}.Debug|Any CPU.Build.0 = Debug|Any CPU
		{5DA1BE66-7879-49C4-8E40-5BBE93BD891E}.Release|Any CPU.ActiveCfg = Release|Any CPU
		{5DA1BE66-7879-49C4-8E40-5BBE93BD891E}.Release|Any CPU.Build.0 = Release|Any CPU
		{CF3930FA-1474-433A-8E8E-46750C000B53}.Debug|Any CPU.ActiveCfg = Debug|Any CPU
		{CF3930FA-1474-433A-8E8E-46750C000B53}.Debug|Any CPU.Build.0 = Debug|Any CPU
		{CF3930FA-1474-433A-8E8E-46750C000B53}.Release|Any CPU.ActiveCfg = Release|Any CPU
		{CF3930FA-1474-433A-8E8E-46750C000B53}.Release|Any CPU.Build.0 = Release|Any CPU
		{4D4CA7EF-9D5C-47B0-BECD-F7155EA8E378}.Debug|Any CPU.ActiveCfg = Debug|Any CPU
		{4D4CA7EF-9D5C-47B0-BECD-F7155EA8E378}.Debug|Any CPU.Build.0 = Debug|Any CPU
		{4D4CA7EF-9D5C-47B0-BECD-F7155EA8E378}.Release|Any CPU.ActiveCfg = Release|Any CPU
		{4D4CA7EF-9D5C-47B0-BECD-F7155EA8E378}.Release|Any CPU.Build.0 = Release|Any CPU
		{1E35A67D-C470-4588-8965-70A6EF6B42F1}.Debug|Any CPU.ActiveCfg = Debug|Any CPU
		{1E35A67D-C470-4588-8965-70A6EF6B42F1}.Debug|Any CPU.Build.0 = Debug|Any CPU
		{1E35A67D-C470-4588-8965-70A6EF6B42F1}.Release|Any CPU.ActiveCfg = Release|Any CPU
		{1E35A67D-C470-4588-8965-70A6EF6B42F1}.Release|Any CPU.Build.0 = Release|Any CPU
		{37966897-A025-4B4B-B583-80804E8E7BD6}.Debug|Any CPU.ActiveCfg = Debug|Any CPU
		{37966897-A025-4B4B-B583-80804E8E7BD6}.Debug|Any CPU.Build.0 = Debug|Any CPU
		{37966897-A025-4B4B-B583-80804E8E7BD6}.Release|Any CPU.ActiveCfg = Release|Any CPU
		{37966897-A025-4B4B-B583-80804E8E7BD6}.Release|Any CPU.Build.0 = Release|Any CPU
		{5D39ACB9-412C-4623-AB8E-FBBBCF5B75C0}.Debug|Any CPU.ActiveCfg = Debug|Any CPU
		{5D39ACB9-412C-4623-AB8E-FBBBCF5B75C0}.Debug|Any CPU.Build.0 = Debug|Any CPU
		{5D39ACB9-412C-4623-AB8E-FBBBCF5B75C0}.Release|Any CPU.ActiveCfg = Release|Any CPU
		{5D39ACB9-412C-4623-AB8E-FBBBCF5B75C0}.Release|Any CPU.Build.0 = Release|Any CPU
	EndGlobalSection
	GlobalSection(SolutionProperties) = preSolution
		HideSolutionNode = FALSE
	EndGlobalSection
	GlobalSection(NestedProjects) = preSolution
		{6B0221C1-8638-4E89-B83E-C2FE62523E3C} = {AF783984-D3CC-4A9E-9848-47D5D4B262DE}
		{B9B209D3-FB49-4806-A511-403AB05EC956} = {AF783984-D3CC-4A9E-9848-47D5D4B262DE}
		{A1F7B74A-F9B2-406E-B82B-BEC8A98AAEE5} = {AF783984-D3CC-4A9E-9848-47D5D4B262DE}
		{5DA1BE66-7879-49C4-8E40-5BBE93BD891E} = {AF783984-D3CC-4A9E-9848-47D5D4B262DE}
		{CF3930FA-1474-433A-8E8E-46750C000B53} = {3ED33D74-6C2A-47AB-88D4-B0BA4BE3D1BC}
		{4D4CA7EF-9D5C-47B0-BECD-F7155EA8E378} = {3ED33D74-6C2A-47AB-88D4-B0BA4BE3D1BC}
		{1E35A67D-C470-4588-8965-70A6EF6B42F1} = {3ED33D74-6C2A-47AB-88D4-B0BA4BE3D1BC}
		{37966897-A025-4B4B-B583-80804E8E7BD6} = {3ED33D74-6C2A-47AB-88D4-B0BA4BE3D1BC}
		{5D39ACB9-412C-4623-AB8E-FBBBCF5B75C0} = {3ED33D74-6C2A-47AB-88D4-B0BA4BE3D1BC}
	EndGlobalSection
	GlobalSection(ExtensibilityGlobals) = postSolution
		SolutionGuid = {1F341AD9-8F30-4A19-B790-3B1C955950BE}
	EndGlobalSection
EndGlobal
